// !$*UTF8*$!
{
	archiveVersion = 1;
	classes = {
	};
	objectVersion = 46;
	objects = {

/* Begin PBXBuildFile section */
		0E2C2B5E1EAE811F0045E02F /* AppDelegate.swift in Sources */ = {isa = PBXBuildFile; fileRef = 0E2C2B5D1EAE811F0045E02F /* AppDelegate.swift */; };
		0E2C2B601EAE811F0045E02F /* ViewController.swift in Sources */ = {isa = PBXBuildFile; fileRef = 0E2C2B5F1EAE811F0045E02F /* ViewController.swift */; };
		0E2C2B631EAE811F0045E02F /* Main.storyboard in Resources */ = {isa = PBXBuildFile; fileRef = 0E2C2B611EAE811F0045E02F /* Main.storyboard */; };
		0E2C2B651EAE811F0045E02F /* Assets.xcassets in Resources */ = {isa = PBXBuildFile; fileRef = 0E2C2B641EAE811F0045E02F /* Assets.xcassets */; };
		0E2C2B681EAE811F0045E02F /* LaunchScreen.storyboard in Resources */ = {isa = PBXBuildFile; fileRef = 0E2C2B661EAE811F0045E02F /* LaunchScreen.storyboard */; };
		0E2C2B701EAE84C30045E02F /* pokemon.csv in Resources */ = {isa = PBXBuildFile; fileRef = 0E2C2B6F1EAE84C30045E02F /* pokemon.csv */; };
		0E2C2B731EAE85EA0045E02F /* Pokemon.swift in Sources */ = {isa = PBXBuildFile; fileRef = 0E2C2B721EAE85EA0045E02F /* Pokemon.swift */; };
		0E60F1AD1EB0260000AE5F84 /* PokeCell.swift in Sources */ = {isa = PBXBuildFile; fileRef = 0E60F1AC1EB0260000AE5F84 /* PokeCell.swift */; };
/* End PBXBuildFile section */

/* Begin PBXFileReference section */
		0E2C2B5A1EAE811F0045E02F /* Pokedex.app */ = {isa = PBXFileReference; explicitFileType = wrapper.application; includeInIndex = 0; path = Pokedex.app; sourceTree = BUILT_PRODUCTS_DIR; };
		0E2C2B5D1EAE811F0045E02F /* AppDelegate.swift */ = {isa = PBXFileReference; lastKnownFileType = sourcecode.swift; path = AppDelegate.swift; sourceTree = "<group>"; };
		0E2C2B5F1EAE811F0045E02F /* ViewController.swift */ = {isa = PBXFileReference; lastKnownFileType = sourcecode.swift; path = ViewController.swift; sourceTree = "<group>"; };
		0E2C2B621EAE811F0045E02F /* Base */ = {isa = PBXFileReference; lastKnownFileType = file.storyboard; name = Base; path = Base.lproj/Main.storyboard; sourceTree = "<group>"; };
		0E2C2B641EAE811F0045E02F /* Assets.xcassets */ = {isa = PBXFileReference; lastKnownFileType = folder.assetcatalog; path = Assets.xcassets; sourceTree = "<group>"; };
		0E2C2B671EAE811F0045E02F /* Base */ = {isa = PBXFileReference; lastKnownFileType = file.storyboard; name = Base; path = Base.lproj/LaunchScreen.storyboard; sourceTree = "<group>"; };
		0E2C2B691EAE811F0045E02F /* Info.plist */ = {isa = PBXFileReference; lastKnownFileType = text.plist.xml; path = Info.plist; sourceTree = "<group>"; };
		0E2C2B6F1EAE84C30045E02F /* pokemon.csv */ = {isa = PBXFileReference; fileEncoding = 4; lastKnownFileType = text; path = pokemon.csv; sourceTree = "<group>"; };
		0E2C2B721EAE85EA0045E02F /* Pokemon.swift */ = {isa = PBXFileReference; fileEncoding = 4; lastKnownFileType = sourcecode.swift; path = Pokemon.swift; sourceTree = "<group>"; };
		0E60F1AC1EB0260000AE5F84 /* PokeCell.swift */ = {isa = PBXFileReference; fileEncoding = 4; lastKnownFileType = sourcecode.swift; path = PokeCell.swift; sourceTree = "<group>"; };
/* End PBXFileReference section */

/* Begin PBXFrameworksBuildPhase section */
		0E2C2B571EAE811F0045E02F /* Frameworks */ = {
			isa = PBXFrameworksBuildPhase;
			buildActionMask = 2147483647;
			files = (
			);
			runOnlyForDeploymentPostprocessing = 0;
		};
/* End PBXFrameworksBuildPhase section */

/* Begin PBXGroup section */
		0E2C2B511EAE811F0045E02F = {
			isa = PBXGroup;
			children = (
				0E2C2B5C1EAE811F0045E02F /* Pokedex */,
				0E2C2B5B1EAE811F0045E02F /* Products */,
			);
			sourceTree = "<group>";
		};
		0E2C2B5B1EAE811F0045E02F /* Products */ = {
			isa = PBXGroup;
			children = (
				0E2C2B5A1EAE811F0045E02F /* Pokedex.app */,
			);
			name = Products;
			sourceTree = "<group>";
		};
		0E2C2B5C1EAE811F0045E02F /* Pokedex */ = {
			isa = PBXGroup;
			children = (
				0E60F1AB1EB025DB00AE5F84 /* View */,
				0E2C2B711EAE85D40045E02F /* Model */,
				0E2C2B5D1EAE811F0045E02F /* AppDelegate.swift */,
				0E2C2B5F1EAE811F0045E02F /* ViewController.swift */,
				0E2C2B611EAE811F0045E02F /* Main.storyboard */,
				0E2C2B641EAE811F0045E02F /* Assets.xcassets */,
				0E2C2B661EAE811F0045E02F /* LaunchScreen.storyboard */,
				0E2C2B6F1EAE84C30045E02F /* pokemon.csv */,
				0E2C2B691EAE811F0045E02F /* Info.plist */,
			);
			path = Pokedex;
			sourceTree = "<group>";
		};
		0E2C2B711EAE85D40045E02F /* Model */ = {
			isa = PBXGroup;
			children = (
				0E2C2B721EAE85EA0045E02F /* Pokemon.swift */,
			);
			name = Model;
			sourceTree = "<group>";
		};
		0E60F1AB1EB025DB00AE5F84 /* View */ = {
			isa = PBXGroup;
			children = (
				0E60F1AC1EB0260000AE5F84 /* PokeCell.swift */,
			);
			name = View;
			sourceTree = "<group>";
		};
/* End PBXGroup section */

/* Begin PBXNativeTarget section */
		0E2C2B591EAE811F0045E02F /* Pokedex */ = {
			isa = PBXNativeTarget;
			buildConfigurationList = 0E2C2B6C1EAE811F0045E02F /* Build configuration list for PBXNativeTarget "Pokedex" */;
			buildPhases = (
				0E2C2B561EAE811F0045E02F /* Sources */,
				0E2C2B571EAE811F0045E02F /* Frameworks */,
				0E2C2B581EAE811F0045E02F /* Resources */,
			);
			buildRules = (
			);
			dependencies = (
			);
			name = Pokedex;
			productName = Pokedex;
			productReference = 0E2C2B5A1EAE811F0045E02F /* Pokedex.app */;
			productType = "com.apple.product-type.application";
		};
/* End PBXNativeTarget section */

/* Begin PBXProject section */
		0E2C2B521EAE811F0045E02F /* Project object */ = {
			isa = PBXProject;
			attributes = {
				LastSwiftUpdateCheck = 0830;
				LastUpgradeCheck = 0830;
				ORGANIZATIONNAME = "Shravan Chopra";
				TargetAttributes = {
					0E2C2B591EAE811F0045E02F = {
						CreatedOnToolsVersion = 8.3.2;
						ProvisioningStyle = Automatic;
					};
				};
			};
			buildConfigurationList = 0E2C2B551EAE811F0045E02F /* Build configuration list for PBXProject "Pokedex" */;
			compatibilityVersion = "Xcode 3.2";
			developmentRegion = English;
			hasScannedForEncodings = 0;
			knownRegions = (
				en,
				Base,
			);
			mainGroup = 0E2C2B511EAE811F0045E02F;
			productRefGroup = 0E2C2B5B1EAE811F0045E02F /* Products */;
			projectDirPath = "";
			projectRoot = "";
			targets = (
				0E2C2B591EAE811F0045E02F /* Pokedex */,
			);
		};
/* End PBXProject section */

/* Begin PBXResourcesBuildPhase section */
		0E2C2B581EAE811F0045E02F /* Resources */ = {
			isa = PBXResourcesBuildPhase;
			buildActionMask = 2147483647;
			files = (
				0E2C2B681EAE811F0045E02F /* LaunchScreen.storyboard in Resources */,
				0E2C2B651EAE811F0045E02F /* Assets.xcassets in Resources */,
				0E2C2B701EAE84C30045E02F /* pokemon.csv in Resources */,
				0E2C2B631EAE811F0045E02F /* Main.storyboard in Resources */,
			);
			runOnlyForDeploymentPostprocessing = 0;
		};
/* End PBXResourcesBuildPhase section */

/* Begin PBXSourcesBuildPhase section */
		0E2C2B561EAE811F0045E02F /* Sources */ = {
			isa = PBXSourcesBuildPhase;
			buildActionMask = 2147483647;
			files = (
				0E60F1AD1EB0260000AE5F84 /* PokeCell.swift in Sources */,
				0E2C2B601EAE811F0045E02F /* ViewController.swift in Sources */,
				0E2C2B5E1EAE811F0045E02F /* AppDelegate.swift in Sources */,
				0E2C2B731EAE85EA0045E02F /* Pokemon.swift in Sources */,
			);
			runOnlyForDeploymentPostprocessing = 0;
		};
/* End PBXSourcesBuildPhase section */

/* Begin PBXVariantGroup section */
		0E2C2B611EAE811F0045E02F /* Main.storyboard */ = {
			isa = PBXVariantGroup;
			children = (
				0E2C2B621EAE811F0045E02F /* Base */,
			);
			name = Main.storyboard;
			sourceTree = "<group>";
		};
		0E2C2B661EAE811F0045E02F /* LaunchScreen.storyboard */ = {
			isa = PBXVariantGroup;
			children = (
				0E2C2B671EAE811F0045E02F /* Base */,
			);
			name = LaunchScreen.storyboard;
			sourceTree = "<group>";
		};
/* End PBXVariantGroup section */

/* Begin XCBuildConfiguration section */
		0E2C2B6A1EAE811F0045E02F /* Debug */ = {
			isa = XCBuildConfiguration;
			buildSettings = {
				ALWAYS_SEARCH_USER_PATHS = NO;
				CLANG_ANALYZER_NONNULL = YES;
				CLANG_ANALYZER_NUMBER_OBJECT_CONVERSION = YES_AGGRESSIVE;
				CLANG_CXX_LANGUAGE_STANDARD = "gnu++0x";
				CLANG_CXX_LIBRARY = "libc++";
				CLANG_ENABLE_MODULES = YES;
				CLANG_ENABLE_OBJC_ARC = YES;
				CLANG_WARN_BOOL_CONVERSION = YES;
				CLANG_WARN_CONSTANT_CONVERSION = YES;
				CLANG_WARN_DIRECT_OBJC_ISA_USAGE = YES_ERROR;
				CLANG_WARN_DOCUMENTATION_COMMENTS = YES;
				CLANG_WARN_EMPTY_BODY = YES;
				CLANG_WARN_ENUM_CONVERSION = YES;
				CLANG_WARN_INFINITE_RECURSION = YES;
				CLANG_WARN_INT_CONVERSION = YES;
				CLANG_WARN_OBJC_ROOT_CLASS = YES_ERROR;
				CLANG_WARN_SUSPICIOUS_MOVE = YES;
				CLANG_WARN_UNREACHABLE_CODE = YES;
				CLANG_WARN__DUPLICATE_METHOD_MATCH = YES;
				"CODE_SIGN_IDENTITY[sdk=iphoneos*]" = "iPhone Developer";
				COPY_PHASE_STRIP = NO;
				DEBUG_INFORMATION_FORMAT = dwarf;
				ENABLE_STRICT_OBJC_MSGSEND = YES;
				ENABLE_TESTABILITY = YES;
				GCC_C_LANGUAGE_STANDARD = gnu99;
				GCC_DYNAMIC_NO_PIC = NO;
				GCC_NO_COMMON_BLOCKS = YES;
				GCC_OPTIMIZATION_LEVEL = 0;
				GCC_PREPROCESSOR_DEFINITIONS = (
					"DEBUG=1",
					"$(inherited)",
				);
				GCC_WARN_64_TO_32_BIT_CONVERSION = YES;
				GCC_WARN_ABOUT_RETURN_TYPE = YES_ERROR;
				GCC_WARN_UNDECLARED_SELECTOR = YES;
				GCC_WARN_UNINITIALIZED_AUTOS = YES_AGGRESSIVE;
				GCC_WARN_UNUSED_FUNCTION = YES;
				GCC_WARN_UNUSED_VARIABLE = YES;
				IPHONEOS_DEPLOYMENT_TARGET = 10.3;
				MTL_ENABLE_DEBUG_INFO = YES;
				ONLY_ACTIVE_ARCH = YES;
				SDKROOT = iphoneos;
				SWIFT_ACTIVE_COMPILATION_CONDITIONS = DEBUG;
				SWIFT_OPTIMIZATION_LEVEL = "-Onone";
			};
			name = Debug;
		};
		0E2C2B6B1EAE811F0045E02F /* Release */ = {
			isa = XCBuildConfiguration;
			buildSettings = {
				ALWAYS_SEARCH_USER_PATHS = NO;
				CLANG_ANALYZER_NONNULL = YES;
				CLANG_ANALYZER_NUMBER_OBJECT_CONVERSION = YES_AGGRESSIVE;
				CLANG_CXX_LANGUAGE_STANDARD = "gnu++0x";
				CLANG_CXX_LIBRARY = "libc++";
				CLANG_ENABLE_MODULES = YES;
				CLANG_ENABLE_OBJC_ARC = YES;
				CLANG_WARN_BOOL_CONVERSION = YES;
				CLANG_WARN_CONSTANT_CONVERSION = YES;
				CLANG_WARN_DIRECT_OBJC_ISA_USAGE = YES_ERROR;
				CLANG_WARN_DOCUMENTATION_COMMENTS = YES;
				CLANG_WARN_EMPTY_BODY = YES;
				CLANG_WARN_ENUM_CONVERSION = YES;
				CLANG_WARN_INFINITE_RECURSION = YES;
				CLANG_WARN_INT_CONVERSION = YES;
				CLANG_WARN_OBJC_ROOT_CLASS = YES_ERROR;
				CLANG_WARN_SUSPICIOUS_MOVE = YES;
				CLANG_WARN_UNREACHABLE_CODE = YES;
				CLANG_WARN__DUPLICATE_METHOD_MATCH = YES;
				"CODE_SIGN_IDENTITY[sdk=iphoneos*]" = "iPhone Developer";
				COPY_PHASE_STRIP = NO;
				DEBUG_INFORMATION_FORMAT = "dwarf-with-dsym";
				ENABLE_NS_ASSERTIONS = NO;
				ENABLE_STRICT_OBJC_MSGSEND = YES;
				GCC_C_LANGUAGE_STANDARD = gnu99;
				GCC_NO_COMMON_BLOCKS = YES;
				GCC_WARN_64_TO_32_BIT_CONVERSION = YES;
				GCC_WARN_ABOUT_RETURN_TYPE = YES_ERROR;
				GCC_WARN_UNDECLARED_SELECTOR = YES;
				GCC_WARN_UNINITIALIZED_AUTOS = YES_AGGRESSIVE;
				GCC_WARN_UNUSED_FUNCTION = YES;
				GCC_WARN_UNUSED_VARIABLE = YES;
				IPHONEOS_DEPLOYMENT_TARGET = 10.3;
				MTL_ENABLE_DEBUG_INFO = NO;
				SDKROOT = iphoneos;
				SWIFT_OPTIMIZATION_LEVEL = "-Owholemodule";
				VALIDATE_PRODUCT = YES;
			};
			name = Release;
		};
		0E2C2B6D1EAE811F0045E02F /* Debug */ = {
			isa = XCBuildConfiguration;
			buildSettings = {
				ASSETCATALOG_COMPILER_APPICON_NAME = AppIcon;
				INFOPLIST_FILE = Pokedex/Info.plist;
				LD_RUNPATH_SEARCH_PATHS = "$(inherited) @executable_path/Frameworks";
				PRODUCT_BUNDLE_IDENTIFIER = com.myowntime.Pokedex;
				PRODUCT_NAME = "$(TARGET_NAME)";
				SWIFT_VERSION = 3.0;
			};
			name = Debug;
		};
		0E2C2B6E1EAE811F0045E02F /* Release */ = {
			isa = XCBuildConfiguration;
			buildSettings = {
				ASSETCATALOG_COMPILER_APPICON_NAME = AppIcon;
				INFOPLIST_FILE = Pokedex/Info.plist;
				LD_RUNPATH_SEARCH_PATHS = "$(inherited) @executable_path/Frameworks";
				PRODUCT_BUNDLE_IDENTIFIER = com.myowntime.Pokedex;
				PRODUCT_NAME = "$(TARGET_NAME)";
				SWIFT_VERSION = 3.0;
			};
			name = Release;
		};
/* End XCBuildConfiguration section */

/* Begin XCConfigurationList section */
		0E2C2B551EAE811F0045E02F /* Build configuration list for PBXProject "Pokedex" */ = {
			isa = XCConfigurationList;
			buildConfigurations = (
				0E2C2B6A1EAE811F0045E02F /* Debug */,
				0E2C2B6B1EAE811F0045E02F /* Release */,
			);
			defaultConfigurationIsVisible = 0;
			defaultConfigurationName = Release;
		};
		0E2C2B6C1EAE811F0045E02F /* Build configuration list for PBXNativeTarget "Pokedex" */ = {
			isa = XCConfigurationList;
			buildConfigurations = (
				0E2C2B6D1EAE811F0045E02F /* Debug */,
				0E2C2B6E1EAE811F0045E02F /* Release */,
			);
			defaultConfigurationIsVisible = 0;
			defaultConfigurationName = Release;
		};
/* End XCConfigurationList section */
	};
	rootObject = 0E2C2B521EAE811F0045E02F /* Project object */;
}
